<?xml version="1.0" encoding="utf-8"?>
<Project ToolsVersion="4.0" xmlns="http://schemas.microsoft.com/developer/msbuild/2003">
  <ItemGroup>
    <Filter Include="Source Files">
      <UniqueIdentifier>{4FC737F1-C7A5-4376-A066-2A32D752A2FF}</UniqueIdentifier>
      <Extensions>cpp;c;cc;cxx;c++;cppm;ixx;def;odl;idl;hpj;bat;asm;asmx</Extensions>
    </Filter>
    <Filter Include="Header Files">
      <UniqueIdentifier>{93995380-89BD-4b04-88EB-625FBE52EBFB}</UniqueIdentifier>
      <Extensions>h;hh;hpp;hxx;h++;hm;inl;inc;ipp;xsd</Extensions>
    </Filter>
    <Filter Include="Resource Files">
      <UniqueIdentifier>{67DA6AB6-F800-4c08-8B7A-83BB121AAD01}</UniqueIdentifier>
      <Extensions>rc;ico;cur;bmp;dlg;rc2;rct;bin;rgs;gif;jpg;jpeg;jpe;resx;tiff;tif;png;wav;mfcribbon-ms</Extensions>
    </Filter>
  </ItemGroup>
  <ItemGroup>
    <ClCompile Include="main.cpp">
      <Filter>Source Files</Filter>
    </ClCompile>
    <ClCompile Include="Game.cpp">
      <Filter>Source Files</Filter>
    </ClCompile>
    <ClCompile Include="L_BadukNovel.cpp">
      <Filter>Source Files</Filter>
    </ClCompile>
    <ClCompile Include="L_Scene.cpp">
      <Filter>Source Files</Filter>
    </ClCompile>
    <ClCompile Include="L_Block.cpp">
      <Filter>Source Files</Filter>
    </ClCompile>
    <ClCompile Include="L_BlockMainMenu.cpp">
      <Filter>Source Files</Filter>
    </ClCompile>
    <ClCompile Include="L_BlockBackground.cpp">
      <Filter>Source Files</Filter>
    </ClCompile>
    <ClCompile Include="bnu.cpp">
      <Filter>Source Files</Filter>
    </ClCompile>
    <ClCompile Include="L_BlockMessageBox.cpp">
      <Filter>Source Files</Filter>
    </ClCompile>
    <ClCompile Include="L_BlockCharacters.cpp">
      <Filter>Source Files</Filter>
    </ClCompile>
    <ClCompile Include="L_ScriptSystem.cpp">
      <Filter>Source Files</Filter>
    </ClCompile>
    <ClCompile Include="tinyxml2.cpp">
      <Filter>Source Files</Filter>
    </ClCompile>
    <ClCompile Include="L_Command.cpp">
      <Filter>Source Files</Filter>
    </ClCompile>
    <ClCompile Include="L_CommandSay.cpp">
      <Filter>Source Files</Filter>
    </ClCompile>
    <ClCompile Include="L_CommandShow.cpp">
      <Filter>Source Files</Filter>
    </ClCompile>
    <ClCompile Include="L_CommandBackground.cpp">
      <Filter>Source Files</Filter>
    </ClCompile>
    <ClCompile Include="L_CommandHidecharacter.cpp">
      <Filter>Source Files</Filter>
    </ClCompile>
    <ClCompile Include="L_AudioSystem.cpp">
      <Filter>Source Files</Filter>
    </ClCompile>
    <ClCompile Include="L_BlockSettings.cpp">
      <Filter>Source Files</Filter>
    </ClCompile>
    <ClCompile Include="L_TextButton.cpp">
      <Filter>Source Files</Filter>
    </ClCompile>
    <ClCompile Include="L_Localization.cpp">
      <Filter>Source Files</Filter>
    </ClCompile>
    <ClCompile Include="L_BlockDarkLayer.cpp">
      <Filter>Source Files</Filter>
    </ClCompile>
    <ClCompile Include="L_BlockContextMenu.cpp">
      <Filter>Source Files</Filter>
    </ClCompile>
    <ClCompile Include="L_BlockSmartphone.cpp">
      <Filter>Source Files</Filter>
    </ClCompile>
    <ClCompile Include="L_ImageButton.cpp">
      <Filter>Source Files</Filter>
    </ClCompile>
    <ClCompile Include="L_BlockBadukTop.cpp">
      <Filter>Source Files</Filter>
    </ClCompile>
    <ClCompile Include="L_BadukGraphicField.cpp">
      <Filter>Source Files</Filter>
    </ClCompile>
    <ClCompile Include="L_GoProblemManager.cpp">
      <Filter>Source Files</Filter>
    </ClCompile>
    <ClCompile Include="L_GoProblemCollection.cpp">
      <Filter>Source Files</Filter>
    </ClCompile>
    <ClCompile Include="L_GoProblem.cpp">
      <Filter>Source Files</Filter>
    </ClCompile>
    <ClCompile Include="L_BadukField.cpp">
      <Filter>Source Files</Filter>
    </ClCompile>
    <ClCompile Include="L_Pagination.cpp">
      <Filter>Source Files</Filter>
    </ClCompile>
    <ClCompile Include="L_CommandGoTo.cpp">
      <Filter>Source Files</Filter>
    </ClCompile>
    <ClCompile Include="L_CommandName.cpp">
      <Filter>Source Files</Filter>
    </ClCompile>
    <ClCompile Include="L_CommandQuestion.cpp">
      <Filter>Source Files</Filter>
    </ClCompile>
    <ClCompile Include="L_BlockQuestion.cpp">
      <Filter>Source Files</Filter>
    </ClCompile>
    <ClCompile Include="L_CommandLoad.cpp">
      <Filter>Source Files</Filter>
    </ClCompile>
    <ClCompile Include="L_CommandBreak.cpp">
      <Filter>Source Files</Filter>
    </ClCompile>
    <ClCompile Include="L_CommandShowBoard.cpp">
      <Filter>Source Files</Filter>
    </ClCompile>
    <ClCompile Include="L_BlockBoard.cpp">
      <Filter>Source Files</Filter>
    </ClCompile>
    <ClCompile Include="L_CommandGoProblem.cpp">
      <Filter>Source Files</Filter>
    </ClCompile>
    <ClCompile Include="L_CommandHideBoard.cpp">
      <Filter>Source Files</Filter>
    </ClCompile>
    <ClCompile Include="L_StateRecord.cpp">
      <Filter>Source Files</Filter>
    </ClCompile>
    <ClCompile Include="base64.cpp">
      <Filter>Source Files</Filter>
    </ClCompile>
    <ClCompile Include="L_BlockSaveLoadScreen.cpp">
      <Filter>Source Files</Filter>
    </ClCompile>
    <ClCompile Include="L_SaveLoadElement.cpp">
      <Filter>Source Files</Filter>
    </ClCompile>
    <ClCompile Include="L_SaveLoadSystem.cpp">
      <Filter>Source Files</Filter>
    </ClCompile>
  </ItemGroup>
  <ItemGroup>
    <ClInclude Include="Game.h">
      <Filter>Header Files</Filter>
    </ClInclude>
    <ClInclude Include="L_BadukNovel.h">
      <Filter>Header Files</Filter>
    </ClInclude>
    <ClInclude Include="L_Scene.h">
      <Filter>Header Files</Filter>
    </ClInclude>
    <ClInclude Include="L_Block.h">
      <Filter>Header Files</Filter>
    </ClInclude>
    <ClInclude Include="L_BlockMainMenu.h">
      <Filter>Header Files</Filter>
    </ClInclude>
    <ClInclude Include="L_BlockBackground.h">
      <Filter>Header Files</Filter>
    </ClInclude>
    <ClInclude Include="bnu.h">
      <Filter>Header Files</Filter>
    </ClInclude>
    <ClInclude Include="L_BlockMessageBox.h">
      <Filter>Header Files</Filter>
    </ClInclude>
    <ClInclude Include="L_BlockCharacters.h">
      <Filter>Header Files</Filter>
    </ClInclude>
    <ClInclude Include="L_ScriptSystem.h">
      <Filter>Header Files</Filter>
    </ClInclude>
    <ClInclude Include="tinyxml2.h">
      <Filter>Header Files</Filter>
    </ClInclude>
    <ClInclude Include="L_Command.h">
      <Filter>Header Files</Filter>
    </ClInclude>
    <ClInclude Include="L_CommandSay.h">
      <Filter>Header Files</Filter>
    </ClInclude>
    <ClInclude Include="L_CommandShow.h">
      <Filter>Header Files</Filter>
    </ClInclude>
    <ClInclude Include="L_CommandBackground.h">
      <Filter>Header Files</Filter>
    </ClInclude>
    <ClInclude Include="L_CommandHidecharacter.h">
      <Filter>Header Files</Filter>
    </ClInclude>
    <ClInclude Include="L_AudioSystem.h">
      <Filter>Header Files</Filter>
    </ClInclude>
    <ClInclude Include="L_BlockSettings.h">
      <Filter>Header Files</Filter>
    </ClInclude>
    <ClInclude Include="L_TextButton.h">
      <Filter>Header Files</Filter>
    </ClInclude>
    <ClInclude Include="L_Localization.h">
      <Filter>Header Files</Filter>
    </ClInclude>
    <ClInclude Include="game_structs.h">
      <Filter>Header Files</Filter>
    </ClInclude>
    <ClInclude Include="L_BlockDarkLayer.h">
      <Filter>Header Files</Filter>
    </ClInclude>
    <ClInclude Include="L_BlockContextMenu.h">
      <Filter>Header Files</Filter>
    </ClInclude>
    <ClInclude Include="L_BlockSmartphone.h">
      <Filter>Header Files</Filter>
    </ClInclude>
    <ClInclude Include="L_ImageButton.h">
      <Filter>Header Files</Filter>
    </ClInclude>
    <ClInclude Include="L_BlockBadukTop.h">
      <Filter>Header Files</Filter>
    </ClInclude>
    <ClInclude Include="L_BadukGraphicField.h">
      <Filter>Header Files</Filter>
    </ClInclude>
    <ClInclude Include="L_GoProblemManager.h">
      <Filter>Header Files</Filter>
    </ClInclude>
    <ClInclude Include="L_GoProblemCollection.h">
      <Filter>Header Files</Filter>
    </ClInclude>
    <ClInclude Include="L_GoProblem.h">
      <Filter>Header Files</Filter>
    </ClInclude>
    <ClInclude Include="L_BadukField.h">
      <Filter>Header Files</Filter>
    </ClInclude>
    <ClInclude Include="baduk_structs.h">
      <Filter>Header Files</Filter>
    </ClInclude>
    <ClInclude Include="L_Pagination.h">
      <Filter>Header Files</Filter>
    </ClInclude>
    <ClInclude Include="L_CommandGoTo.h">
      <Filter>Header Files</Filter>
    </ClInclude>
    <ClInclude Include="L_CommandName.h">
      <Filter>Header Files</Filter>
    </ClInclude>
    <ClInclude Include="L_CommandQuestion.h">
      <Filter>Header Files</Filter>
    </ClInclude>
    <ClInclude Include="L_BlockQuestion.h">
      <Filter>Header Files</Filter>
    </ClInclude>
    <ClInclude Include="L_CommandLoad.h">
      <Filter>Header Files</Filter>
    </ClInclude>
    <ClInclude Include="L_CommandBreak.h">
      <Filter>Header Files</Filter>
    </ClInclude>
    <ClInclude Include="L_CommandShowBoard.h">
      <Filter>Header Files</Filter>
    </ClInclude>
    <ClInclude Include="L_BlockBoard.h">
      <Filter>Header Files</Filter>
    </ClInclude>
    <ClInclude Include="L_CommandGoProblem.h">
      <Filter>Header Files</Filter>
    </ClInclude>
    <ClInclude Include="L_CommandHideBoard.h">
      <Filter>Header Files</Filter>
    </ClInclude>
    <ClInclude Include="L_StateRecord.h">
      <Filter>Header Files</Filter>
    </ClInclude>
    <ClInclude Include="base64.h">
      <Filter>Header Files</Filter>
    </ClInclude>
    <ClInclude Include="L_BlockSaveLoadScreen.h">
      <Filter>Header Files</Filter>
    </ClInclude>
    <ClInclude Include="L_SaveLoadElement.h">
      <Filter>Header Files</Filter>
    </ClInclude>
    <ClInclude Include="L_SaveLoadSystem.h">
      <Filter>Header Files</Filter>
    </ClInclude>
  </ItemGroup>
</Project>